
Microsoft Visual Studio Solution File, Format Version 12.00
# Visual Studio Version 17
VisualStudioVersion = 17.13.35919.96 d17.13
MinimumVisualStudioVersion = 10.0.40219.1
Project("{FAE04EC0-301F-11D3-BF4B-00C04F79EFBC}") = "api", "api\api.csproj", "{DC5226A8-AF3E-4668-8BAA-E8C2F36C8561}"
EndProject
Project("{FAE04EC0-301F-11D3-BF4B-00C04F79EFBC}") = "Service", "Service\Service.csproj", "{EAE62717-5DA6-4547-8AB3-FA074B37D338}"
EndProject
Global
	GlobalSection(SolutionConfigurationPlatforms) = preSolution
		Debug|Any CPU = Debug|Any CPU
		Release|Any CPU = Release|Any CPU
	EndGlobalSection
	GlobalSection(ProjectConfigurationPlatforms) = postSolution
		{DC5226A8-AF3E-4668-8BAA-E8C2F36C8561}.Debug|Any CPU.ActiveCfg = Debug|Any CPU
		{DC5226A8-AF3E-4668-8BAA-E8C2F36C8561}.Debug|Any CPU.Build.0 = Debug|Any CPU
		{DC5226A8-AF3E-4668-8BAA-E8C2F36C8561}.Release|Any CPU.ActiveCfg = Release|Any CPU
		{DC5226A8-AF3E-4668-8BAA-E8C2F36C8561}.Release|Any CPU.Build.0 = Release|Any CPU
		{EAE62717-5DA6-4547-8AB3-FA074B37D338}.Debug|Any CPU.ActiveCfg = Debug|Any CPU
		{EAE62717-5DA6-4547-8AB3-FA074B37D338}.Debug|Any CPU.Build.0 = Debug|Any CPU
		{EAE62717-5DA6-4547-8AB3-FA074B37D338}.Release|Any CPU.ActiveCfg = Release|Any CPU
		{EAE62717-5DA6-4547-8AB3-FA074B37D338}.Release|Any CPU.Build.0 = Release|Any CPU
	EndGlobalSection
	GlobalSection(SolutionProperties) = preSolution
		HideSolutionNode = FALSE
	EndGlobalSection
	GlobalSection(ExtensibilityGlobals) = postSolution
		SolutionGuid = {478008C4-B223-4466-8A47-4AFFD066337A}
	EndGlobalSection
EndGlobal
